// !$*UTF8*$!
{
	archiveVersion = 1;
	classes = {
	};
	objectVersion = 48;
	objects = {

/* Begin PBXBuildFile section */
		9A179C78206DBA7000DA51B0 /* AppDelegate.swift in Sources */ = {isa = PBXBuildFile; fileRef = 9A179C77206DBA7000DA51B0 /* AppDelegate.swift */; };
		9A179C7A206DBA7000DA51B0 /* MainTabBarController.swift in Sources */ = {isa = PBXBuildFile; fileRef = 9A179C79206DBA7000DA51B0 /* MainTabBarController.swift */; };
		9A179C7D206DBA7000DA51B0 /* Main.storyboard in Resources */ = {isa = PBXBuildFile; fileRef = 9A179C7B206DBA7000DA51B0 /* Main.storyboard */; };
		9A179C7F206DBA7000DA51B0 /* Assets.xcassets in Resources */ = {isa = PBXBuildFile; fileRef = 9A179C7E206DBA7000DA51B0 /* Assets.xcassets */; };
		9A179C82206DBA7000DA51B0 /* LaunchScreen.storyboard in Resources */ = {isa = PBXBuildFile; fileRef = 9A179C80206DBA7000DA51B0 /* LaunchScreen.storyboard */; };
		9ACF7E6A208C23B3008D99C2 /* FavoritesController.swift in Sources */ = {isa = PBXBuildFile; fileRef = 9ACF7E69208C23B3008D99C2 /* FavoritesController.swift */; };
		9ACF7E6C208D199E008D99C2 /* PodcastsSearchController.swift in Sources */ = {isa = PBXBuildFile; fileRef = 9ACF7E6B208D199E008D99C2 /* PodcastsSearchController.swift */; };
		9ACF7E70208D1A53008D99C2 /* Podcast.swift in Sources */ = {isa = PBXBuildFile; fileRef = 9ACF7E6F208D1A53008D99C2 /* Podcast.swift */; };
		EE498ACCADB59AC76863FFAB /* Pods_Podcast.framework in Frameworks */ = {isa = PBXBuildFile; fileRef = 546F5E87E36286D8CEB31780 /* Pods_Podcast.framework */; };
/* End PBXBuildFile section */

/* Begin PBXFileReference section */
		489DDBF76BEECDE5D0EE62AD /* Pods-Podcast.debug.xcconfig */ = {isa = PBXFileReference; includeInIndex = 1; lastKnownFileType = text.xcconfig; name = "Pods-Podcast.debug.xcconfig"; path = "Pods/Target Support Files/Pods-Podcast/Pods-Podcast.debug.xcconfig"; sourceTree = "<group>"; };
		546F5E87E36286D8CEB31780 /* Pods_Podcast.framework */ = {isa = PBXFileReference; explicitFileType = wrapper.framework; includeInIndex = 0; path = Pods_Podcast.framework; sourceTree = BUILT_PRODUCTS_DIR; };
		5E8C308CF5FF5296C479CDB4 /* Pods-Podcast.release.xcconfig */ = {isa = PBXFileReference; includeInIndex = 1; lastKnownFileType = text.xcconfig; name = "Pods-Podcast.release.xcconfig"; path = "Pods/Target Support Files/Pods-Podcast/Pods-Podcast.release.xcconfig"; sourceTree = "<group>"; };
		9A179C74206DBA7000DA51B0 /* Podcast.app */ = {isa = PBXFileReference; explicitFileType = wrapper.application; includeInIndex = 0; path = Podcast.app; sourceTree = BUILT_PRODUCTS_DIR; };
		9A179C77206DBA7000DA51B0 /* AppDelegate.swift */ = {isa = PBXFileReference; lastKnownFileType = sourcecode.swift; path = AppDelegate.swift; sourceTree = "<group>"; };
		9A179C79206DBA7000DA51B0 /* MainTabBarController.swift */ = {isa = PBXFileReference; lastKnownFileType = sourcecode.swift; path = MainTabBarController.swift; sourceTree = "<group>"; };
		9A179C7C206DBA7000DA51B0 /* Base */ = {isa = PBXFileReference; lastKnownFileType = file.storyboard; name = Base; path = Base.lproj/Main.storyboard; sourceTree = "<group>"; };
		9A179C7E206DBA7000DA51B0 /* Assets.xcassets */ = {isa = PBXFileReference; lastKnownFileType = folder.assetcatalog; path = Assets.xcassets; sourceTree = "<group>"; };
		9A179C81206DBA7000DA51B0 /* Base */ = {isa = PBXFileReference; lastKnownFileType = file.storyboard; name = Base; path = Base.lproj/LaunchScreen.storyboard; sourceTree = "<group>"; };
		9A179C83206DBA7000DA51B0 /* Info.plist */ = {isa = PBXFileReference; lastKnownFileType = text.plist.xml; path = Info.plist; sourceTree = "<group>"; };
		9ACF7E69208C23B3008D99C2 /* FavoritesController.swift */ = {isa = PBXFileReference; lastKnownFileType = sourcecode.swift; path = FavoritesController.swift; sourceTree = "<group>"; };
		9ACF7E6B208D199E008D99C2 /* PodcastsSearchController.swift */ = {isa = PBXFileReference; lastKnownFileType = sourcecode.swift; path = PodcastsSearchController.swift; sourceTree = "<group>"; };
		9ACF7E6F208D1A53008D99C2 /* Podcast.swift */ = {isa = PBXFileReference; lastKnownFileType = sourcecode.swift; path = Podcast.swift; sourceTree = "<group>"; };
/* End PBXFileReference section */

/* Begin PBXFrameworksBuildPhase section */
		9A179C71206DBA7000DA51B0 /* Frameworks */ = {
			isa = PBXFrameworksBuildPhase;
			buildActionMask = 2147483647;
			files = (
				EE498ACCADB59AC76863FFAB /* Pods_Podcast.framework in Frameworks */,
			);
			runOnlyForDeploymentPostprocessing = 0;
		};
/* End PBXFrameworksBuildPhase section */

/* Begin PBXGroup section */
		9A179C6B206DBA7000DA51B0 = {
			isa = PBXGroup;
			children = (
				9A179C76206DBA7000DA51B0 /* Podcast */,
				9A179C75206DBA7000DA51B0 /* Products */,
				F58E2B8E40992D200B369A50 /* Pods */,
				C9DA2AC697985D3E80D1064C /* Frameworks */,
			);
			sourceTree = "<group>";
		};
		9A179C75206DBA7000DA51B0 /* Products */ = {
			isa = PBXGroup;
			children = (
				9A179C74206DBA7000DA51B0 /* Podcast.app */,
			);
			name = Products;
			sourceTree = "<group>";
		};
		9A179C76206DBA7000DA51B0 /* Podcast */ = {
			isa = PBXGroup;
			children = (
				9ACF7E6E208D1A3B008D99C2 /* Model */,
				9A179C77206DBA7000DA51B0 /* AppDelegate.swift */,
				9A179C79206DBA7000DA51B0 /* MainTabBarController.swift */,
				9ACF7E6D208D19A3008D99C2 /* Controllers */,
				9ACF7E69208C23B3008D99C2 /* FavoritesController.swift */,
				9A179C7B206DBA7000DA51B0 /* Main.storyboard */,
				9A179C7E206DBA7000DA51B0 /* Assets.xcassets */,
				9A179C80206DBA7000DA51B0 /* LaunchScreen.storyboard */,
				9A179C83206DBA7000DA51B0 /* Info.plist */,
			);
			path = Podcast;
			sourceTree = "<group>";
		};
		9ACF7E6D208D19A3008D99C2 /* Controllers */ = {
			isa = PBXGroup;
			children = (
				9ACF7E6B208D199E008D99C2 /* PodcastsSearchController.swift */,
			);
			path = Controllers;
			sourceTree = "<group>";
		};
		9ACF7E6E208D1A3B008D99C2 /* Model */ = {
			isa = PBXGroup;
			children = (
				9ACF7E6F208D1A53008D99C2 /* Podcast.swift */,
			);
			path = Model;
			sourceTree = "<group>";
		};
		C9DA2AC697985D3E80D1064C /* Frameworks */ = {
			isa = PBXGroup;
			children = (
				546F5E87E36286D8CEB31780 /* Pods_Podcast.framework */,
			);
			name = Frameworks;
			sourceTree = "<group>";
		};
		F58E2B8E40992D200B369A50 /* Pods */ = {
			isa = PBXGroup;
			children = (
				489DDBF76BEECDE5D0EE62AD /* Pods-Podcast.debug.xcconfig */,
				5E8C308CF5FF5296C479CDB4 /* Pods-Podcast.release.xcconfig */,
			);
			name = Pods;
			sourceTree = "<group>";
		};
/* End PBXGroup section */

/* Begin PBXNativeTarget section */
		9A179C73206DBA7000DA51B0 /* Podcast */ = {
			isa = PBXNativeTarget;
			buildConfigurationList = 9A179C86206DBA7000DA51B0 /* Build configuration list for PBXNativeTarget "Podcast" */;
			buildPhases = (
				E975D641FAB476BCA5BA803B /* [CP] Check Pods Manifest.lock */,
				9A179C70206DBA7000DA51B0 /* Sources */,
				9A179C71206DBA7000DA51B0 /* Frameworks */,
				9A179C72206DBA7000DA51B0 /* Resources */,
				A56BCF69509E69F2F7DDB5DF /* [CP] Embed Pods Frameworks */,
				42B02113944B854CBA10FA77 /* [CP] Copy Pods Resources */,
			);
			buildRules = (
			);
			dependencies = (
			);
			name = Podcast;
			productName = Podcast;
			productReference = 9A179C74206DBA7000DA51B0 /* Podcast.app */;
			productType = "com.apple.product-type.application";
		};
/* End PBXNativeTarget section */

/* Begin PBXProject section */
		9A179C6C206DBA7000DA51B0 /* Project object */ = {
			isa = PBXProject;
			attributes = {
				LastSwiftUpdateCheck = 0920;
				LastUpgradeCheck = 0930;
				ORGANIZATIONNAME = "ashim Dahal";
				TargetAttributes = {
					9A179C73206DBA7000DA51B0 = {
						CreatedOnToolsVersion = 9.2;
						ProvisioningStyle = Automatic;
					};
				};
			};
			buildConfigurationList = 9A179C6F206DBA7000DA51B0 /* Build configuration list for PBXProject "Podcast" */;
			compatibilityVersion = "Xcode 8.0";
			developmentRegion = en;
			hasScannedForEncodings = 0;
			knownRegions = (
				en,
				Base,
			);
			mainGroup = 9A179C6B206DBA7000DA51B0;
			productRefGroup = 9A179C75206DBA7000DA51B0 /* Products */;
			projectDirPath = "";
			projectRoot = "";
			targets = (
				9A179C73206DBA7000DA51B0 /* Podcast */,
			);
		};
/* End PBXProject section */

/* Begin PBXResourcesBuildPhase section */
		9A179C72206DBA7000DA51B0 /* Resources */ = {
			isa = PBXResourcesBuildPhase;
			buildActionMask = 2147483647;
			files = (
				9A179C82206DBA7000DA51B0 /* LaunchScreen.storyboard in Resources */,
				9A179C7F206DBA7000DA51B0 /* Assets.xcassets in Resources */,
				9A179C7D206DBA7000DA51B0 /* Main.storyboard in Resources */,
			);
			runOnlyForDeploymentPostprocessing = 0;
		};
/* End PBXResourcesBuildPhase section */

/* Begin PBXShellScriptBuildPhase section */
		42B02113944B854CBA10FA77 /* [CP] Copy Pods Resources */ = {
			isa = PBXShellScriptBuildPhase;
			buildActionMask = 2147483647;
			files = (
			);
			inputPaths = (
			);
			name = "[CP] Copy Pods Resources";
			outputPaths = (
			);
			runOnlyForDeploymentPostprocessing = 0;
			shellPath = /bin/sh;
			shellScript = "\"${SRCROOT}/Pods/Target Support Files/Pods-Podcast/Pods-Podcast-resources.sh\"\n";
			showEnvVarsInLog = 0;
		};
		A56BCF69509E69F2F7DDB5DF /* [CP] Embed Pods Frameworks */ = {
			isa = PBXShellScriptBuildPhase;
			buildActionMask = 2147483647;
			files = (
			);
			inputPaths = (
				"${SRCROOT}/Pods/Target Support Files/Pods-Podcast/Pods-Podcast-frameworks.sh",
				"${BUILT_PRODUCTS_DIR}/Alamofire/Alamofire.framework",
			);
			name = "[CP] Embed Pods Frameworks";
			outputPaths = (
				"${TARGET_BUILD_DIR}/${FRAMEWORKS_FOLDER_PATH}/Alamofire.framework",
			);
			runOnlyForDeploymentPostprocessing = 0;
			shellPath = /bin/sh;
			shellScript = "\"${SRCROOT}/Pods/Target Support Files/Pods-Podcast/Pods-Podcast-frameworks.sh\"\n";
			showEnvVarsInLog = 0;
		};
		E975D641FAB476BCA5BA803B /* [CP] Check Pods Manifest.lock */ = {
			isa = PBXShellScriptBuildPhase;
			buildActionMask = 2147483647;
			files = (
			);
			inputPaths = (
				"${PODS_PODFILE_DIR_PATH}/Podfile.lock",
				"${PODS_ROOT}/Manifest.lock",
			);
			name = "[CP] Check Pods Manifest.lock";
			outputPaths = (
				"$(DERIVED_FILE_DIR)/Pods-Podcast-checkManifestLockResult.txt",
			);
			runOnlyForDeploymentPostprocessing = 0;
			shellPath = /bin/sh;
			shellScript = "diff \"${PODS_PODFILE_DIR_PATH}/Podfile.lock\" \"${PODS_ROOT}/Manifest.lock\" > /dev/null\nif [ $? != 0 ] ; then\n    # print error to STDERR\n    echo \"error: The sandbox is not in sync with the Podfile.lock. Run 'pod install' or update your CocoaPods installation.\" >&2\n    exit 1\nfi\n# This output is used by Xcode 'outputs' to avoid re-running this script phase.\necho \"SUCCESS\" > \"${SCRIPT_OUTPUT_FILE_0}\"\n";
			showEnvVarsInLog = 0;
		};
/* End PBXShellScriptBuildPhase section */

/* Begin PBXSourcesBuildPhase section */
		9A179C70206DBA7000DA51B0 /* Sources */ = {
			isa = PBXSourcesBuildPhase;
			buildActionMask = 2147483647;
			files = (
				9A179C7A206DBA7000DA51B0 /* MainTabBarController.swift in Sources */,
				9A179C78206DBA7000DA51B0 /* AppDelegate.swift in Sources */,
				9ACF7E6A208C23B3008D99C2 /* FavoritesController.swift in Sources */,
				9ACF7E6C208D199E008D99C2 /* PodcastsSearchController.swift in Sources */,
				9ACF7E70208D1A53008D99C2 /* Podcast.swift in Sources */,
			);
			runOnlyForDeploymentPostprocessing = 0;
		};
/* End PBXSourcesBuildPhase section */

/* Begin PBXVariantGroup section */
		9A179C7B206DBA7000DA51B0 /* Main.storyboard */ = {
			isa = PBXVariantGroup;
			children = (
				9A179C7C206DBA7000DA51B0 /* Base */,
			);
			name = Main.storyboard;
			sourceTree = "<group>";
		};
		9A179C80206DBA7000DA51B0 /* LaunchScreen.storyboard */ = {
			isa = PBXVariantGroup;
			children = (
				9A179C81206DBA7000DA51B0 /* Base */,
			);
			name = LaunchScreen.storyboard;
			sourceTree = "<group>";
		};
/* End PBXVariantGroup section */

/* Begin XCBuildConfiguration section */
		9A179C84206DBA7000DA51B0 /* Debug */ = {
			isa = XCBuildConfiguration;
			buildSettings = {
				ALWAYS_SEARCH_USER_PATHS = NO;
				CLANG_ANALYZER_NONNULL = YES;
				CLANG_ANALYZER_NUMBER_OBJECT_CONVERSION = YES_AGGRESSIVE;
				CLANG_CXX_LANGUAGE_STANDARD = "gnu++14";
				CLANG_CXX_LIBRARY = "libc++";
				CLANG_ENABLE_MODULES = YES;
				CLANG_ENABLE_OBJC_ARC = YES;
				CLANG_WARN_BLOCK_CAPTURE_AUTORELEASING = YES;
				CLANG_WARN_BOOL_CONVERSION = YES;
				CLANG_WARN_COMMA = YES;
				CLANG_WARN_CONSTANT_CONVERSION = YES;
				CLANG_WARN_DEPRECATED_OBJC_IMPLEMENTATIONS = YES;
				CLANG_WARN_DIRECT_OBJC_ISA_USAGE = YES_ERROR;
				CLANG_WARN_DOCUMENTATION_COMMENTS = YES;
				CLANG_WARN_EMPTY_BODY = YES;
				CLANG_WARN_ENUM_CONVERSION = YES;
				CLANG_WARN_INFINITE_RECURSION = YES;
				CLANG_WARN_INT_CONVERSION = YES;
				CLANG_WARN_NON_LITERAL_NULL_CONVERSION = YES;
				CLANG_WARN_OBJC_IMPLICIT_RETAIN_SELF = YES;
				CLANG_WARN_OBJC_LITERAL_CONVERSION = YES;
				CLANG_WARN_OBJC_ROOT_CLASS = YES_ERROR;
				CLANG_WARN_RANGE_LOOP_ANALYSIS = YES;
				CLANG_WARN_STRICT_PROTOTYPES = YES;
				CLANG_WARN_SUSPICIOUS_MOVE = YES;
				CLANG_WARN_UNGUARDED_AVAILABILITY = YES_AGGRESSIVE;
				CLANG_WARN_UNREACHABLE_CODE = YES;
				CLANG_WARN__DUPLICATE_METHOD_MATCH = YES;
				CODE_SIGN_IDENTITY = "iPhone Developer";
				COPY_PHASE_STRIP = NO;
				DEBUG_INFORMATION_FORMAT = dwarf;
				ENABLE_STRICT_OBJC_MSGSEND = YES;
				ENABLE_TESTABILITY = YES;
				GCC_C_LANGUAGE_STANDARD = gnu11;
				GCC_DYNAMIC_NO_PIC = NO;
				GCC_NO_COMMON_BLOCKS = YES;
				GCC_OPTIMIZATION_LEVEL = 0;
				GCC_PREPROCESSOR_DEFINITIONS = (
					"DEBUG=1",
					"$(inherited)",
				);
				GCC_WARN_64_TO_32_BIT_CONVERSION = YES;
				GCC_WARN_ABOUT_RETURN_TYPE = YES_ERROR;
				GCC_WARN_UNDECLARED_SELECTOR = YES;
				GCC_WARN_UNINITIALIZED_AUTOS = YES_AGGRESSIVE;
				GCC_WARN_UNUSED_FUNCTION = YES;
				GCC_WARN_UNUSED_VARIABLE = YES;
				IPHONEOS_DEPLOYMENT_TARGET = 11.2;
				MTL_ENABLE_DEBUG_INFO = YES;
				ONLY_ACTIVE_ARCH = YES;
				SDKROOT = iphoneos;
				SWIFT_ACTIVE_COMPILATION_CONDITIONS = DEBUG;
				SWIFT_OPTIMIZATION_LEVEL = "-Onone";
			};
			name = Debug;
		};
		9A179C85206DBA7000DA51B0 /* Release */ = {
			isa = XCBuildConfiguration;
			buildSettings = {
				ALWAYS_SEARCH_USER_PATHS = NO;
				CLANG_ANALYZER_NONNULL = YES;
				CLANG_ANALYZER_NUMBER_OBJECT_CONVERSION = YES_AGGRESSIVE;
				CLANG_CXX_LANGUAGE_STANDARD = "gnu++14";
				CLANG_CXX_LIBRARY = "libc++";
				CLANG_ENABLE_MODULES = YES;
				CLANG_ENABLE_OBJC_ARC = YES;
				CLANG_WARN_BLOCK_CAPTURE_AUTORELEASING = YES;
				CLANG_WARN_BOOL_CONVERSION = YES;
				CLANG_WARN_COMMA = YES;
				CLANG_WARN_CONSTANT_CONVERSION = YES;
				CLANG_WARN_DEPRECATED_OBJC_IMPLEMENTATIONS = YES;
				CLANG_WARN_DIRECT_OBJC_ISA_USAGE = YES_ERROR;
				CLANG_WARN_DOCUMENTATION_COMMENTS = YES;
				CLANG_WARN_EMPTY_BODY = YES;
				CLANG_WARN_ENUM_CONVERSION = YES;
				CLANG_WARN_INFINITE_RECURSION = YES;
				CLANG_WARN_INT_CONVERSION = YES;
				CLANG_WARN_NON_LITERAL_NULL_CONVERSION = YES;
				CLANG_WARN_OBJC_IMPLICIT_RETAIN_SELF = YES;
				CLANG_WARN_OBJC_LITERAL_CONVERSION = YES;
				CLANG_WARN_OBJC_ROOT_CLASS = YES_ERROR;
				CLANG_WARN_RANGE_LOOP_ANALYSIS = YES;
				CLANG_WARN_STRICT_PROTOTYPES = YES;
				CLANG_WARN_SUSPICIOUS_MOVE = YES;
				CLANG_WARN_UNGUARDED_AVAILABILITY = YES_AGGRESSIVE;
				CLANG_WARN_UNREACHABLE_CODE = YES;
				CLANG_WARN__DUPLICATE_METHOD_MATCH = YES;
				CODE_SIGN_IDENTITY = "iPhone Developer";
				COPY_PHASE_STRIP = NO;
				DEBUG_INFORMATION_FORMAT = "dwarf-with-dsym";
				ENABLE_NS_ASSERTIONS = NO;
				ENABLE_STRICT_OBJC_MSGSEND = YES;
				GCC_C_LANGUAGE_STANDARD = gnu11;
				GCC_NO_COMMON_BLOCKS = YES;
				GCC_WARN_64_TO_32_BIT_CONVERSION = YES;
				GCC_WARN_ABOUT_RETURN_TYPE = YES_ERROR;
				GCC_WARN_UNDECLARED_SELECTOR = YES;
				GCC_WARN_UNINITIALIZED_AUTOS = YES_AGGRESSIVE;
				GCC_WARN_UNUSED_FUNCTION = YES;
				GCC_WARN_UNUSED_VARIABLE = YES;
				IPHONEOS_DEPLOYMENT_TARGET = 11.2;
				MTL_ENABLE_DEBUG_INFO = NO;
				SDKROOT = iphoneos;
				SWIFT_OPTIMIZATION_LEVEL = "-Owholemodule";
				VALIDATE_PRODUCT = YES;
			};
			name = Release;
		};
		9A179C87206DBA7000DA51B0 /* Debug */ = {
			isa = XCBuildConfiguration;
			baseConfigurationReference = 489DDBF76BEECDE5D0EE62AD /* Pods-Podcast.debug.xcconfig */;
			buildSettings = {
				ASSETCATALOG_COMPILER_APPICON_NAME = AppIcon;
				CODE_SIGN_STYLE = Automatic;
				DEVELOPMENT_TEAM = 8B42T7PNAX;
				INFOPLIST_FILE = Podcast/Info.plist;
				LD_RUNPATH_SEARCH_PATHS = "$(inherited) @executable_path/Frameworks";
				PRODUCT_BUNDLE_IDENTIFIER = home.Podcast;
				PRODUCT_NAME = "$(TARGET_NAME)";
				SWIFT_VERSION = 4.0;
				TARGETED_DEVICE_FAMILY = "1,2";
			};
			name = Debug;
		};
		9A179C88206DBA7000DA51B0 /* Release */ = {
			isa = XCBuildConfiguration;
			baseConfigurationReference = 5E8C308CF5FF5296C479CDB4 /* Pods-Podcast.release.xcconfig */;
			buildSettings = {
				ASSETCATALOG_COMPILER_APPICON_NAME = AppIcon;
				CODE_SIGN_STYLE = Automatic;
				DEVELOPMENT_TEAM = 8B42T7PNAX;
				INFOPLIST_FILE = Podcast/Info.plist;
				LD_RUNPATH_SEARCH_PATHS = "$(inherited) @executable_path/Frameworks";
				PRODUCT_BUNDLE_IDENTIFIER = home.Podcast;
				PRODUCT_NAME = "$(TARGET_NAME)";
				SWIFT_VERSION = 4.0;
				TARGETED_DEVICE_FAMILY = "1,2";
			};
			name = Release;
		};
/* End XCBuildConfiguration section */

/* Begin XCConfigurationList section */
		9A179C6F206DBA7000DA51B0 /* Build configuration list for PBXProject "Podcast" */ = {
			isa = XCConfigurationList;
			buildConfigurations = (
				9A179C84206DBA7000DA51B0 /* Debug */,
				9A179C85206DBA7000DA51B0 /* Release */,
			);
			defaultConfigurationIsVisible = 0;
			defaultConfigurationName = Release;
		};
		9A179C86206DBA7000DA51B0 /* Build configuration list for PBXNativeTarget "Podcast" */ = {
			isa = XCConfigurationList;
			buildConfigurations = (
				9A179C87206DBA7000DA51B0 /* Debug */,
				9A179C88206DBA7000DA51B0 /* Release */,
			);
			defaultConfigurationIsVisible = 0;
			defaultConfigurationName = Release;
		};
/* End XCConfigurationList section */
	};
	rootObject = 9A179C6C206DBA7000DA51B0 /* Project object */;
}
